// !$*UTF8*$!
{
	archiveVersion = 1;
	classes = {
	};
	objectVersion = 46;
	objects = {

/* Begin PBXBuildFile section */
		2E066C391CAA4BD4005A6B4F /* AppDelegate.swift in Sources */ = {isa = PBXBuildFile; fileRef = 2E066C381CAA4BD4005A6B4F /* AppDelegate.swift */; };
		2E066C3E1CAA4BD5005A6B4F /* Main.storyboard in Resources */ = {isa = PBXBuildFile; fileRef = 2E066C3C1CAA4BD5005A6B4F /* Main.storyboard */; };
		2E066C401CAA4BD5005A6B4F /* Assets.xcassets in Resources */ = {isa = PBXBuildFile; fileRef = 2E066C3F1CAA4BD5005A6B4F /* Assets.xcassets */; };
		2E066C431CAA4BD5005A6B4F /* LaunchScreen.storyboard in Resources */ = {isa = PBXBuildFile; fileRef = 2E066C411CAA4BD5005A6B4F /* LaunchScreen.storyboard */; };
		2E066C4B1CAA4F36005A6B4F /* libsqlite3.0.tbd in Frameworks */ = {isa = PBXBuildFile; fileRef = 2E066C4A1CAA4F36005A6B4F /* libsqlite3.0.tbd */; };
		2E066C531CAA513D005A6B4F /* SQLiteDB.swift in Sources */ = {isa = PBXBuildFile; fileRef = 2E066C501CAA513D005A6B4F /* SQLiteDB.swift */; };
		2E066C541CAA513D005A6B4F /* SQLTable.swift in Sources */ = {isa = PBXBuildFile; fileRef = 2E066C511CAA513D005A6B4F /* SQLTable.swift */; };
		2E066C551CAA513D005A6B4F /* String-Extras.swift in Sources */ = {isa = PBXBuildFile; fileRef = 2E066C521CAA513D005A6B4F /* String-Extras.swift */; };
		2E066C5B1CAA5499005A6B4F /* MainViewController.swift in Sources */ = {isa = PBXBuildFile; fileRef = 2E066C5A1CAA5499005A6B4F /* MainViewController.swift */; };
		2EF8772B1CAA699800333E56 /* data.db in Resources */ = {isa = PBXBuildFile; fileRef = 2EF8772A1CAA699800333E56 /* data.db */; };
/* End PBXBuildFile section */

/* Begin PBXFileReference section */
		2E066C351CAA4BD4005A6B4F /* SQLiteDemo.app */ = {isa = PBXFileReference; explicitFileType = wrapper.application; includeInIndex = 0; path = SQLiteDemo.app; sourceTree = BUILT_PRODUCTS_DIR; };
		2E066C381CAA4BD4005A6B4F /* AppDelegate.swift */ = {isa = PBXFileReference; lastKnownFileType = sourcecode.swift; path = AppDelegate.swift; sourceTree = "<group>"; };
		2E066C3D1CAA4BD5005A6B4F /* Base */ = {isa = PBXFileReference; lastKnownFileType = file.storyboard; name = Base; path = Base.lproj/Main.storyboard; sourceTree = "<group>"; };
		2E066C3F1CAA4BD5005A6B4F /* Assets.xcassets */ = {isa = PBXFileReference; lastKnownFileType = folder.assetcatalog; path = Assets.xcassets; sourceTree = "<group>"; };
		2E066C421CAA4BD5005A6B4F /* Base */ = {isa = PBXFileReference; lastKnownFileType = file.storyboard; name = Base; path = Base.lproj/LaunchScreen.storyboard; sourceTree = "<group>"; };
		2E066C441CAA4BD5005A6B4F /* Info.plist */ = {isa = PBXFileReference; lastKnownFileType = text.plist.xml; path = Info.plist; sourceTree = "<group>"; };
		2E066C4A1CAA4F36005A6B4F /* libsqlite3.0.tbd */ = {isa = PBXFileReference; lastKnownFileType = "sourcecode.text-based-dylib-definition"; name = libsqlite3.0.tbd; path = usr/lib/libsqlite3.0.tbd; sourceTree = SDKROOT; };
		2E066C4C1CAA4F66005A6B4F /* SQLiteDemo-Bridging-Header.h */ = {isa = PBXFileReference; lastKnownFileType = sourcecode.c.h; path = "SQLiteDemo-Bridging-Header.h"; sourceTree = "<group>"; };
		2E066C501CAA513D005A6B4F /* SQLiteDB.swift */ = {isa = PBXFileReference; fileEncoding = 4; lastKnownFileType = sourcecode.swift; path = SQLiteDB.swift; sourceTree = "<group>"; };
		2E066C511CAA513D005A6B4F /* SQLTable.swift */ = {isa = PBXFileReference; fileEncoding = 4; lastKnownFileType = sourcecode.swift; path = SQLTable.swift; sourceTree = "<group>"; };
		2E066C521CAA513D005A6B4F /* String-Extras.swift */ = {isa = PBXFileReference; fileEncoding = 4; lastKnownFileType = sourcecode.swift; path = "String-Extras.swift"; sourceTree = "<group>"; };
		2E066C5A1CAA5499005A6B4F /* MainViewController.swift */ = {isa = PBXFileReference; fileEncoding = 4; lastKnownFileType = sourcecode.swift; path = MainViewController.swift; sourceTree = "<group>"; };
		2EF8772A1CAA699800333E56 /* data.db */ = {isa = PBXFileReference; fileEncoding = 4; lastKnownFileType = text; path = data.db; sourceTree = "<group>"; };
/* End PBXFileReference section */

/* Begin PBXFrameworksBuildPhase section */
		2E066C321CAA4BD4005A6B4F /* Frameworks */ = {
			isa = PBXFrameworksBuildPhase;
			buildActionMask = 2147483647;
			files = (
				2E066C4B1CAA4F36005A6B4F /* libsqlite3.0.tbd in Frameworks */,
			);
			runOnlyForDeploymentPostprocessing = 0;
		};
/* End PBXFrameworksBuildPhase section */

/* Begin PBXGroup section */
		2E066C2C1CAA4BD4005A6B4F = {
			isa = PBXGroup;
			children = (
				2E066C4A1CAA4F36005A6B4F /* libsqlite3.0.tbd */,
				2E066C371CAA4BD4005A6B4F /* SQLiteDemo */,
				2E066C361CAA4BD4005A6B4F /* Products */,
			);
			sourceTree = "<group>";
		};
		2E066C361CAA4BD4005A6B4F /* Products */ = {
			isa = PBXGroup;
			children = (
				2E066C351CAA4BD4005A6B4F /* SQLiteDemo.app */,
			);
			name = Products;
			sourceTree = "<group>";
		};
		2E066C371CAA4BD4005A6B4F /* SQLiteDemo */ = {
			isa = PBXGroup;
			children = (
				2E066C591CAA52AB005A6B4F /* SQLiteDB */,
				2E066C3C1CAA4BD5005A6B4F /* Main.storyboard */,
				2E066C381CAA4BD4005A6B4F /* AppDelegate.swift */,
				2E066C5A1CAA5499005A6B4F /* MainViewController.swift */,
				2E066C3F1CAA4BD5005A6B4F /* Assets.xcassets */,
				2EF8772A1CAA699800333E56 /* data.db */,
				2E066C411CAA4BD5005A6B4F /* LaunchScreen.storyboard */,
				2E066C441CAA4BD5005A6B4F /* Info.plist */,
				2E066C4C1CAA4F66005A6B4F /* SQLiteDemo-Bridging-Header.h */,
			);
			path = SQLiteDemo;
			sourceTree = "<group>";
		};
		2E066C591CAA52AB005A6B4F /* SQLiteDB */ = {
			isa = PBXGroup;
			children = (
				2E066C501CAA513D005A6B4F /* SQLiteDB.swift */,
				2E066C511CAA513D005A6B4F /* SQLTable.swift */,
				2E066C521CAA513D005A6B4F /* String-Extras.swift */,
			);
			name = SQLiteDB;
			sourceTree = "<group>";
		};
/* End PBXGroup section */

/* Begin PBXNativeTarget section */
		2E066C341CAA4BD4005A6B4F /* SQLiteDemo */ = {
			isa = PBXNativeTarget;
			buildConfigurationList = 2E066C471CAA4BD5005A6B4F /* Build configuration list for PBXNativeTarget "SQLiteDemo" */;
			buildPhases = (
				2E066C311CAA4BD4005A6B4F /* Sources */,
				2E066C321CAA4BD4005A6B4F /* Frameworks */,
				2E066C331CAA4BD4005A6B4F /* Resources */,
			);
			buildRules = (
			);
			dependencies = (
			);
			name = SQLiteDemo;
			productName = SQLiteDemo;
			productReference = 2E066C351CAA4BD4005A6B4F /* SQLiteDemo.app */;
			productType = "com.apple.product-type.application";
		};
/* End PBXNativeTarget section */

/* Begin PBXProject section */
		2E066C2D1CAA4BD4005A6B4F /* Project object */ = {
			isa = PBXProject;
			attributes = {
				LastSwiftUpdateCheck = 0730;
				LastUpgradeCheck = 0730;
				ORGANIZATIONNAME = ying;
				TargetAttributes = {
					2E066C341CAA4BD4005A6B4F = {
						CreatedOnToolsVersion = 7.3;
					};
				};
			};
			buildConfigurationList = 2E066C301CAA4BD4005A6B4F /* Build configuration list for PBXProject "SQLiteDemo" */;
			compatibilityVersion = "Xcode 3.2";
			developmentRegion = English;
			hasScannedForEncodings = 0;
			knownRegions = (
				en,
				Base,
			);
			mainGroup = 2E066C2C1CAA4BD4005A6B4F;
			productRefGroup = 2E066C361CAA4BD4005A6B4F /* Products */;
			projectDirPath = "";
			projectRoot = "";
			targets = (
				2E066C341CAA4BD4005A6B4F /* SQLiteDemo */,
			);
		};
/* End PBXProject section */

/* Begin PBXResourcesBuildPhase section */
		2E066C331CAA4BD4005A6B4F /* Resources */ = {
			isa = PBXResourcesBuildPhase;
			buildActionMask = 2147483647;
			files = (
				2E066C431CAA4BD5005A6B4F /* LaunchScreen.storyboard in Resources */,
				2EF8772B1CAA699800333E56 /* data.db in Resources */,
				2E066C401CAA4BD5005A6B4F /* Assets.xcassets in Resources */,
				2E066C3E1CAA4BD5005A6B4F /* Main.storyboard in Resources */,
			);
			runOnlyForDeploymentPostprocessing = 0;
		};
/* End PBXResourcesBuildPhase section */

/* Begin PBXSourcesBuildPhase section */
		2E066C311CAA4BD4005A6B4F /* Sources */ = {
			isa = PBXSourcesBuildPhase;
			buildActionMask = 2147483647;
			files = (
				2E066C551CAA513D005A6B4F /* String-Extras.swift in Sources */,
				2E066C531CAA513D005A6B4F /* SQLiteDB.swift in Sources */,
				2E066C541CAA513D005A6B4F /* SQLTable.swift in Sources */,
				2E066C391CAA4BD4005A6B4F /* AppDelegate.swift in Sources */,
				2E066C5B1CAA5499005A6B4F /* MainViewController.swift in Sources */,
			);
			runOnlyForDeploymentPostprocessing = 0;
		};
/* End PBXSourcesBuildPhase section */

/* Begin PBXVariantGroup section */
		2E066C3C1CAA4BD5005A6B4F /* Main.storyboard */ = {
			isa = PBXVariantGroup;
			children = (
				2E066C3D1CAA4BD5005A6B4F /* Base */,
			);
			name = Main.storyboard;
			sourceTree = "<group>";
		};
		2E066C411CAA4BD5005A6B4F /* LaunchScreen.storyboard */ = {
			isa = PBXVariantGroup;
			children = (
				2E066C421CAA4BD5005A6B4F /* Base */,
			);
			name = LaunchScreen.storyboard;
			sourceTree = "<group>";
		};
/* End PBXVariantGroup section */

/* Begin XCBuildConfiguration section */
		2E066C451CAA4BD5005A6B4F /* Debug */ = {
			isa = XCBuildConfiguration;
			buildSettings = {
				ALWAYS_SEARCH_USER_PATHS = NO;
				CLANG_ANALYZER_NONNULL = YES;
				CLANG_CXX_LANGUAGE_STANDARD = "gnu++0x";
				CLANG_CXX_LIBRARY = "libc++";
				CLANG_ENABLE_MODULES = YES;
				CLANG_ENABLE_OBJC_ARC = YES;
				CLANG_WARN_BOOL_CONVERSION = YES;
				CLANG_WARN_CONSTANT_CONVERSION = YES;
				CLANG_WARN_DIRECT_OBJC_ISA_USAGE = YES_ERROR;
				CLANG_WARN_EMPTY_BODY = YES;
				CLANG_WARN_ENUM_CONVERSION = YES;
				CLANG_WARN_INT_CONVERSION = YES;
				CLANG_WARN_OBJC_ROOT_CLASS = YES_ERROR;
				CLANG_WARN_UNREACHABLE_CODE = YES;
				CLANG_WARN__DUPLICATE_METHOD_MATCH = YES;
				"CODE_SIGN_IDENTITY[sdk=iphoneos*]" = "iPhone Developer";
				COPY_PHASE_STRIP = NO;
				DEBUG_INFORMATION_FORMAT = dwarf;
				ENABLE_STRICT_OBJC_MSGSEND = YES;
				ENABLE_TESTABILITY = YES;
				GCC_C_LANGUAGE_STANDARD = gnu99;
				GCC_DYNAMIC_NO_PIC = NO;
				GCC_NO_COMMON_BLOCKS = YES;
				GCC_OPTIMIZATION_LEVEL = 0;
				GCC_PREPROCESSOR_DEFINITIONS = (
					"DEBUG=1",
					"$(inherited)",
				);
				GCC_WARN_64_TO_32_BIT_CONVERSION = YES;
				GCC_WARN_ABOUT_RETURN_TYPE = YES_ERROR;
				GCC_WARN_UNDECLARED_SELECTOR = YES;
				GCC_WARN_UNINITIALIZED_AUTOS = YES_AGGRESSIVE;
				GCC_WARN_UNUSED_FUNCTION = YES;
				GCC_WARN_UNUSED_VARIABLE = YES;
				IPHONEOS_DEPLOYMENT_TARGET = 9.3;
				MTL_ENABLE_DEBUG_INFO = YES;
				ONLY_ACTIVE_ARCH = YES;
				SDKROOT = iphoneos;
				SWIFT_OPTIMIZATION_LEVEL = "-Onone";
				TARGETED_DEVICE_FAMILY = "1,2";
			};
			name = Debug;
		};
		2E066C461CAA4BD5005A6B4F /* Release */ = {
			isa = XCBuildConfiguration;
			buildSettings = {
				ALWAYS_SEARCH_USER_PATHS = NO;
				CLANG_ANALYZER_NONNULL = YES;
				CLANG_CXX_LANGUAGE_STANDARD = "gnu++0x";
				CLANG_CXX_LIBRARY = "libc++";
				CLANG_ENABLE_MODULES = YES;
				CLANG_ENABLE_OBJC_ARC = YES;
				CLANG_WARN_BOOL_CONVERSION = YES;
				CLANG_WARN_CONSTANT_CONVERSION = YES;
				CLANG_WARN_DIRECT_OBJC_ISA_USAGE = YES_ERROR;
				CLANG_WARN_EMPTY_BODY = YES;
				CLANG_WARN_ENUM_CONVERSION = YES;
				CLANG_WARN_INT_CONVERSION = YES;
				CLANG_WARN_OBJC_ROOT_CLASS = YES_ERROR;
				CLANG_WARN_UNREACHABLE_CODE = YES;
				CLANG_WARN__DUPLICATE_METHOD_MATCH = YES;
				"CODE_SIGN_IDENTITY[sdk=iphoneos*]" = "iPhone Developer";
				COPY_PHASE_STRIP = NO;
				DEBUG_INFORMATION_FORMAT = "dwarf-with-dsym";
				ENABLE_NS_ASSERTIONS = NO;
				ENABLE_STRICT_OBJC_MSGSEND = YES;
				GCC_C_LANGUAGE_STANDARD = gnu99;
				GCC_NO_COMMON_BLOCKS = YES;
				GCC_WARN_64_TO_32_BIT_CONVERSION = YES;
				GCC_WARN_ABOUT_RETURN_TYPE = YES_ERROR;
				GCC_WARN_UNDECLARED_SELECTOR = YES;
				GCC_WARN_UNINITIALIZED_AUTOS = YES_AGGRESSIVE;
				GCC_WARN_UNUSED_FUNCTION = YES;
				GCC_WARN_UNUSED_VARIABLE = YES;
				IPHONEOS_DEPLOYMENT_TARGET = 9.3;
				MTL_ENABLE_DEBUG_INFO = NO;
				SDKROOT = iphoneos;
				TARGETED_DEVICE_FAMILY = "1,2";
				VALIDATE_PRODUCT = YES;
			};
			name = Release;
		};
		2E066C481CAA4BD5005A6B4F /* Debug */ = {
			isa = XCBuildConfiguration;
			buildSettings = {
				ASSETCATALOG_COMPILER_APPICON_NAME = AppIcon;
				CLANG_ENABLE_MODULES = YES;
				INFOPLIST_FILE = SQLiteDemo/Info.plist;
				LD_RUNPATH_SEARCH_PATHS = "$(inherited) @executable_path/Frameworks";
				PRODUCT_BUNDLE_IDENTIFIER = ying.seu.com.SQLiteDemo;
				PRODUCT_NAME = "$(TARGET_NAME)";
				SWIFT_OBJC_BRIDGING_HEADER = "SQLiteDemo/SQLiteDemo-Bridging-Header.h";
				SWIFT_OPTIMIZATION_LEVEL = "-Onone";
			};
			name = Debug;
		};
		2E066C491CAA4BD5005A6B4F /* Release */ = {
			isa = XCBuildConfiguration;
			buildSettings = {
				ASSETCATALOG_COMPILER_APPICON_NAME = AppIcon;
				CLANG_ENABLE_MODULES = YES;
				INFOPLIST_FILE = SQLiteDemo/Info.plist;
				LD_RUNPATH_SEARCH_PATHS = "$(inherited) @executable_path/Frameworks";
				PRODUCT_BUNDLE_IDENTIFIER = ying.seu.com.SQLiteDemo;
				PRODUCT_NAME = "$(TARGET_NAME)";
				SWIFT_OBJC_BRIDGING_HEADER = "SQLiteDemo/SQLiteDemo-Bridging-Header.h";
			};
			name = Release;
		};
/* End XCBuildConfiguration section */

/* Begin XCConfigurationList section */
		2E066C301CAA4BD4005A6B4F /* Build configuration list for PBXProject "SQLiteDemo" */ = {
			isa = XCConfigurationList;
			buildConfigurations = (
				2E066C451CAA4BD5005A6B4F /* Debug */,
				2E066C461CAA4BD5005A6B4F /* Release */,
			);
			defaultConfigurationIsVisible = 0;
			defaultConfigurationName = Release;
		};
		2E066C471CAA4BD5005A6B4F /* Build configuration list for PBXNativeTarget "SQLiteDemo" */ = {
			isa = XCConfigurationList;
			buildConfigurations = (
				2E066C481CAA4BD5005A6B4F /* Debug */,
				2E066C491CAA4BD5005A6B4F /* Release */,
			);
			defaultConfigurationIsVisible = 0;
			defaultConfigurationName = Release;
		};
/* End XCConfigurationList section */
	};
	rootObject = 2E066C2D1CAA4BD4005A6B4F /* Project object */;
}
